github.com/RussellLuo/timingwheel v0.0.0-20201029015908-64de9d088c74 h1:kAsSVLB5MpjNyLoQ96YBqPaTHc870iNa99HQvLUQb/A=
github.com/RussellLuo/timingwheel v0.0.0-20201029015908-64de9d088c74/go.mod h1:3VIJp8oOAlnDUnPy3kwyBGqsMiJJujqTP6ic9Jv6NbM=
github.com/google/uuid v1.2.0 h1:qJYtXnJRWmpe7m/3XlyhrsLrEURqHRM2kxzoxXqyUDs=
github.com/google/uuid v1.2.0/go.mod h1:TIyPZe4MgqvfeYDBFedMoGGpEw/LqOeaOT+nhxU+yHo=
